// !$*UTF8*$!
{
	archiveVersion = 1;
	classes = {
	};
	objectVersion = 50;
	objects = {

/* Begin PBXBuildFile section */
		6D7A564021EC1614009FE56F /* ATColorPanel.swift in Sources */ = {isa = PBXBuildFile; fileRef = 6D7A563F21EC1614009FE56F /* ATColorPanel.swift */; };
		6DBF56F121EB2B8C001B2212 /* AppDelegate.swift in Sources */ = {isa = PBXBuildFile; fileRef = 6DBF56F021EB2B8C001B2212 /* AppDelegate.swift */; };
		6DBF56F321EB2B8C001B2212 /* ViewController.swift in Sources */ = {isa = PBXBuildFile; fileRef = 6DBF56F221EB2B8C001B2212 /* ViewController.swift */; };
		6DBF56F621EB2B8C001B2212 /* Main.storyboard in Resources */ = {isa = PBXBuildFile; fileRef = 6DBF56F421EB2B8C001B2212 /* Main.storyboard */; };
		6DBF56F821EB2B8D001B2212 /* Assets.xcassets in Resources */ = {isa = PBXBuildFile; fileRef = 6DBF56F721EB2B8D001B2212 /* Assets.xcassets */; };
		6DBF56FB21EB2B8D001B2212 /* LaunchScreen.storyboard in Resources */ = {isa = PBXBuildFile; fileRef = 6DBF56F921EB2B8D001B2212 /* LaunchScreen.storyboard */; };
		6DBF570621EB2B8D001B2212 /* ATCountingViewTests.swift in Sources */ = {isa = PBXBuildFile; fileRef = 6DBF570521EB2B8D001B2212 /* ATCountingViewTests.swift */; };
		6DBF571121EB2B8D001B2212 /* ATCountingViewUITests.swift in Sources */ = {isa = PBXBuildFile; fileRef = 6DBF571021EB2B8D001B2212 /* ATCountingViewUITests.swift */; };
		6DBF571F21EB2BB7001B2212 /* ATCountingView.swift in Sources */ = {isa = PBXBuildFile; fileRef = 6DBF571E21EB2BB7001B2212 /* ATCountingView.swift */; };
		6DBF572321EB2FB3001B2212 /* UIView+ATExtension.swift in Sources */ = {isa = PBXBuildFile; fileRef = 6DBF572221EB2FB3001B2212 /* UIView+ATExtension.swift */; };
/* End PBXBuildFile section */

/* Begin PBXContainerItemProxy section */
		6DBF570221EB2B8D001B2212 /* PBXContainerItemProxy */ = {
			isa = PBXContainerItemProxy;
			containerPortal = 6DBF56E521EB2B8C001B2212 /* Project object */;
			proxyType = 1;
			remoteGlobalIDString = 6DBF56EC21EB2B8C001B2212;
			remoteInfo = ATCountingView;
		};
		6DBF570D21EB2B8D001B2212 /* PBXContainerItemProxy */ = {
			isa = PBXContainerItemProxy;
			containerPortal = 6DBF56E521EB2B8C001B2212 /* Project object */;
			proxyType = 1;
			remoteGlobalIDString = 6DBF56EC21EB2B8C001B2212;
			remoteInfo = ATCountingView;
		};
/* End PBXContainerItemProxy section */

/* Begin PBXFileReference section */
		6D7A563F21EC1614009FE56F /* ATColorPanel.swift */ = {isa = PBXFileReference; lastKnownFileType = sourcecode.swift; path = ATColorPanel.swift; sourceTree = "<group>"; };
		6DBF56ED21EB2B8C001B2212 /* ATCountingView.app */ = {isa = PBXFileReference; explicitFileType = wrapper.application; includeInIndex = 0; path = ATCountingView.app; sourceTree = BUILT_PRODUCTS_DIR; };
		6DBF56F021EB2B8C001B2212 /* AppDelegate.swift */ = {isa = PBXFileReference; lastKnownFileType = sourcecode.swift; path = AppDelegate.swift; sourceTree = "<group>"; };
		6DBF56F221EB2B8C001B2212 /* ViewController.swift */ = {isa = PBXFileReference; lastKnownFileType = sourcecode.swift; path = ViewController.swift; sourceTree = "<group>"; };
		6DBF56F521EB2B8C001B2212 /* Base */ = {isa = PBXFileReference; lastKnownFileType = file.storyboard; name = Base; path = Base.lproj/Main.storyboard; sourceTree = "<group>"; };
		6DBF56F721EB2B8D001B2212 /* Assets.xcassets */ = {isa = PBXFileReference; lastKnownFileType = folder.assetcatalog; path = Assets.xcassets; sourceTree = "<group>"; };
		6DBF56FA21EB2B8D001B2212 /* Base */ = {isa = PBXFileReference; lastKnownFileType = file.storyboard; name = Base; path = Base.lproj/LaunchScreen.storyboard; sourceTree = "<group>"; };
		6DBF56FC21EB2B8D001B2212 /* Info.plist */ = {isa = PBXFileReference; lastKnownFileType = text.plist.xml; path = Info.plist; sourceTree = "<group>"; };
		6DBF570121EB2B8D001B2212 /* ATCountingViewTests.xctest */ = {isa = PBXFileReference; explicitFileType = wrapper.cfbundle; includeInIndex = 0; path = ATCountingViewTests.xctest; sourceTree = BUILT_PRODUCTS_DIR; };
		6DBF570521EB2B8D001B2212 /* ATCountingViewTests.swift */ = {isa = PBXFileReference; lastKnownFileType = sourcecode.swift; path = ATCountingViewTests.swift; sourceTree = "<group>"; };
		6DBF570721EB2B8D001B2212 /* Info.plist */ = {isa = PBXFileReference; lastKnownFileType = text.plist.xml; path = Info.plist; sourceTree = "<group>"; };
		6DBF570C21EB2B8D001B2212 /* ATCountingViewUITests.xctest */ = {isa = PBXFileReference; explicitFileType = wrapper.cfbundle; includeInIndex = 0; path = ATCountingViewUITests.xctest; sourceTree = BUILT_PRODUCTS_DIR; };
		6DBF571021EB2B8D001B2212 /* ATCountingViewUITests.swift */ = {isa = PBXFileReference; lastKnownFileType = sourcecode.swift; path = ATCountingViewUITests.swift; sourceTree = "<group>"; };
		6DBF571221EB2B8D001B2212 /* Info.plist */ = {isa = PBXFileReference; lastKnownFileType = text.plist.xml; path = Info.plist; sourceTree = "<group>"; };
		6DBF571E21EB2BB7001B2212 /* ATCountingView.swift */ = {isa = PBXFileReference; lastKnownFileType = sourcecode.swift; path = ATCountingView.swift; sourceTree = "<group>"; };
		6DBF572221EB2FB3001B2212 /* UIView+ATExtension.swift */ = {isa = PBXFileReference; lastKnownFileType = sourcecode.swift; path = "UIView+ATExtension.swift"; sourceTree = "<group>"; };
/* End PBXFileReference section */

/* Begin PBXFrameworksBuildPhase section */
		6DBF56EA21EB2B8C001B2212 /* Frameworks */ = {
			isa = PBXFrameworksBuildPhase;
			buildActionMask = 2147483647;
			files = (
			);
			runOnlyForDeploymentPostprocessing = 0;
		};
		6DBF56FE21EB2B8D001B2212 /* Frameworks */ = {
			isa = PBXFrameworksBuildPhase;
			buildActionMask = 2147483647;
			files = (
			);
			runOnlyForDeploymentPostprocessing = 0;
		};
		6DBF570921EB2B8D001B2212 /* Frameworks */ = {
			isa = PBXFrameworksBuildPhase;
			buildActionMask = 2147483647;
			files = (
			);
			runOnlyForDeploymentPostprocessing = 0;
		};
/* End PBXFrameworksBuildPhase section */

/* Begin PBXGroup section */
		6DBF56E421EB2B8C001B2212 = {
			isa = PBXGroup;
			children = (
				6DBF56EF21EB2B8C001B2212 /* ATCountingView */,
				6DBF570421EB2B8D001B2212 /* ATCountingViewTests */,
				6DBF570F21EB2B8D001B2212 /* ATCountingViewUITests */,
				6DBF56EE21EB2B8C001B2212 /* Products */,
			);
			sourceTree = "<group>";
		};
		6DBF56EE21EB2B8C001B2212 /* Products */ = {
			isa = PBXGroup;
			children = (
				6DBF56ED21EB2B8C001B2212 /* ATCountingView.app */,
				6DBF570121EB2B8D001B2212 /* ATCountingViewTests.xctest */,
				6DBF570C21EB2B8D001B2212 /* ATCountingViewUITests.xctest */,
			);
			name = Products;
			sourceTree = "<group>";
		};
		6DBF56EF21EB2B8C001B2212 /* ATCountingView */ = {
			isa = PBXGroup;
			children = (
				6DBF56F021EB2B8C001B2212 /* AppDelegate.swift */,
				6DBF56F221EB2B8C001B2212 /* ViewController.swift */,
				6DBF56F421EB2B8C001B2212 /* Main.storyboard */,
				6DBF56F721EB2B8D001B2212 /* Assets.xcassets */,
				6DBF56F921EB2B8D001B2212 /* LaunchScreen.storyboard */,
				6DBF56FC21EB2B8D001B2212 /* Info.plist */,
				6DBF571E21EB2BB7001B2212 /* ATCountingView.swift */,
				6DBF572221EB2FB3001B2212 /* UIView+ATExtension.swift */,
				6D7A563F21EC1614009FE56F /* ATColorPanel.swift */,
			);
			path = ATCountingView;
			sourceTree = "<group>";
		};
		6DBF570421EB2B8D001B2212 /* ATCountingViewTests */ = {
			isa = PBXGroup;
			children = (
				6DBF570521EB2B8D001B2212 /* ATCountingViewTests.swift */,
				6DBF570721EB2B8D001B2212 /* Info.plist */,
			);
			path = ATCountingViewTests;
			sourceTree = "<group>";
		};
		6DBF570F21EB2B8D001B2212 /* ATCountingViewUITests */ = {
			isa = PBXGroup;
			children = (
				6DBF571021EB2B8D001B2212 /* ATCountingViewUITests.swift */,
				6DBF571221EB2B8D001B2212 /* Info.plist */,
			);
			path = ATCountingViewUITests;
			sourceTree = "<group>";
		};
/* End PBXGroup section */

/* Begin PBXNativeTarget section */
		6DBF56EC21EB2B8C001B2212 /* ATCountingView */ = {
			isa = PBXNativeTarget;
			buildConfigurationList = 6DBF571521EB2B8D001B2212 /* Build configuration list for PBXNativeTarget "ATCountingView" */;
			buildPhases = (
				6DBF56E921EB2B8C001B2212 /* Sources */,
				6DBF56EA21EB2B8C001B2212 /* Frameworks */,
				6DBF56EB21EB2B8C001B2212 /* Resources */,
			);
			buildRules = (
			);
			dependencies = (
			);
			name = ATCountingView;
			productName = ATCountingView;
			productReference = 6DBF56ED21EB2B8C001B2212 /* ATCountingView.app */;
			productType = "com.apple.product-type.application";
		};
		6DBF570021EB2B8D001B2212 /* ATCountingViewTests */ = {
			isa = PBXNativeTarget;
			buildConfigurationList = 6DBF571821EB2B8D001B2212 /* Build configuration list for PBXNativeTarget "ATCountingViewTests" */;
			buildPhases = (
				6DBF56FD21EB2B8D001B2212 /* Sources */,
				6DBF56FE21EB2B8D001B2212 /* Frameworks */,
				6DBF56FF21EB2B8D001B2212 /* Resources */,
			);
			buildRules = (
			);
			dependencies = (
				6DBF570321EB2B8D001B2212 /* PBXTargetDependency */,
			);
			name = ATCountingViewTests;
			productName = ATCountingViewTests;
			productReference = 6DBF570121EB2B8D001B2212 /* ATCountingViewTests.xctest */;
			productType = "com.apple.product-type.bundle.unit-test";
		};
		6DBF570B21EB2B8D001B2212 /* ATCountingViewUITests */ = {
			isa = PBXNativeTarget;
			buildConfigurationList = 6DBF571B21EB2B8D001B2212 /* Build configuration list for PBXNativeTarget "ATCountingViewUITests" */;
			buildPhases = (
				6DBF570821EB2B8D001B2212 /* Sources */,
				6DBF570921EB2B8D001B2212 /* Frameworks */,
				6DBF570A21EB2B8D001B2212 /* Resources */,
			);
			buildRules = (
			);
			dependencies = (
				6DBF570E21EB2B8D001B2212 /* PBXTargetDependency */,
			);
			name = ATCountingViewUITests;
			productName = ATCountingViewUITests;
			productReference = 6DBF570C21EB2B8D001B2212 /* ATCountingViewUITests.xctest */;
			productType = "com.apple.product-type.bundle.ui-testing";
		};
/* End PBXNativeTarget section */

/* Begin PBXProject section */
		6DBF56E521EB2B8C001B2212 /* Project object */ = {
			isa = PBXProject;
			attributes = {
				CLASSPREFIX = AT;
				LastSwiftUpdateCheck = 0940;
				LastUpgradeCheck = 0940;
				ORGANIZATIONNAME = ApesTalk;
				TargetAttributes = {
					6DBF56EC21EB2B8C001B2212 = {
						CreatedOnToolsVersion = 9.4.1;
					};
					6DBF570021EB2B8D001B2212 = {
						CreatedOnToolsVersion = 9.4.1;
						TestTargetID = 6DBF56EC21EB2B8C001B2212;
					};
					6DBF570B21EB2B8D001B2212 = {
						CreatedOnToolsVersion = 9.4.1;
						TestTargetID = 6DBF56EC21EB2B8C001B2212;
					};
				};
			};
			buildConfigurationList = 6DBF56E821EB2B8C001B2212 /* Build configuration list for PBXProject "ATCountingView" */;
			compatibilityVersion = "Xcode 9.3";
			developmentRegion = en;
			hasScannedForEncodings = 0;
			knownRegions = (
				en,
				Base,
			);
			mainGroup = 6DBF56E421EB2B8C001B2212;
			productRefGroup = 6DBF56EE21EB2B8C001B2212 /* Products */;
			projectDirPath = "";
			projectRoot = "";
			targets = (
				6DBF56EC21EB2B8C001B2212 /* ATCountingView */,
				6DBF570021EB2B8D001B2212 /* ATCountingViewTests */,
				6DBF570B21EB2B8D001B2212 /* ATCountingViewUITests */,
			);
		};
/* End PBXProject section */

/* Begin PBXResourcesBuildPhase section */
		6DBF56EB21EB2B8C001B2212 /* Resources */ = {
			isa = PBXResourcesBuildPhase;
			buildActionMask = 2147483647;
			files = (
				6DBF56FB21EB2B8D001B2212 /* LaunchScreen.storyboard in Resources */,
				6DBF56F821EB2B8D001B2212 /* Assets.xcassets in Resources */,
				6DBF56F621EB2B8C001B2212 /* Main.storyboard in Resources */,
			);
			runOnlyForDeploymentPostprocessing = 0;
		};
		6DBF56FF21EB2B8D001B2212 /* Resources */ = {
			isa = PBXResourcesBuildPhase;
			buildActionMask = 2147483647;
			files = (
			);
			runOnlyForDeploymentPostprocessing = 0;
		};
		6DBF570A21EB2B8D001B2212 /* Resources */ = {
			isa = PBXResourcesBuildPhase;
			buildActionMask = 2147483647;
			files = (
			);
			runOnlyForDeploymentPostprocessing = 0;
		};
/* End PBXResourcesBuildPhase section */

/* Begin PBXSourcesBuildPhase section */
		6DBF56E921EB2B8C001B2212 /* Sources */ = {
			isa = PBXSourcesBuildPhase;
			buildActionMask = 2147483647;
			files = (
				6D7A564021EC1614009FE56F /* ATColorPanel.swift in Sources */,
				6DBF571F21EB2BB7001B2212 /* ATCountingView.swift in Sources */,
				6DBF572321EB2FB3001B2212 /* UIView+ATExtension.swift in Sources */,
				6DBF56F321EB2B8C001B2212 /* ViewController.swift in Sources */,
				6DBF56F121EB2B8C001B2212 /* AppDelegate.swift in Sources */,
			);
			runOnlyForDeploymentPostprocessing = 0;
		};
		6DBF56FD21EB2B8D001B2212 /* Sources */ = {
			isa = PBXSourcesBuildPhase;
			buildActionMask = 2147483647;
			files = (
				6DBF570621EB2B8D001B2212 /* ATCountingViewTests.swift in Sources */,
			);
			runOnlyForDeploymentPostprocessing = 0;
		};
		6DBF570821EB2B8D001B2212 /* Sources */ = {
			isa = PBXSourcesBuildPhase;
			buildActionMask = 2147483647;
			files = (
				6DBF571121EB2B8D001B2212 /* ATCountingViewUITests.swift in Sources */,
			);
			runOnlyForDeploymentPostprocessing = 0;
		};
/* End PBXSourcesBuildPhase section */

/* Begin PBXTargetDependency section */
		6DBF570321EB2B8D001B2212 /* PBXTargetDependency */ = {
			isa = PBXTargetDependency;
			target = 6DBF56EC21EB2B8C001B2212 /* ATCountingView */;
			targetProxy = 6DBF570221EB2B8D001B2212 /* PBXContainerItemProxy */;
		};
		6DBF570E21EB2B8D001B2212 /* PBXTargetDependency */ = {
			isa = PBXTargetDependency;
			target = 6DBF56EC21EB2B8C001B2212 /* ATCountingView */;
			targetProxy = 6DBF570D21EB2B8D001B2212 /* PBXContainerItemProxy */;
		};
/* End PBXTargetDependency section */

/* Begin PBXVariantGroup section */
		6DBF56F421EB2B8C001B2212 /* Main.storyboard */ = {
			isa = PBXVariantGroup;
			children = (
				6DBF56F521EB2B8C001B2212 /* Base */,
			);
			name = Main.storyboard;
			sourceTree = "<group>";
		};
		6DBF56F921EB2B8D001B2212 /* LaunchScreen.storyboard */ = {
			isa = PBXVariantGroup;
			children = (
				6DBF56FA21EB2B8D001B2212 /* Base */,
			);
			name = LaunchScreen.storyboard;
			sourceTree = "<group>";
		};
/* End PBXVariantGroup section */

/* Begin XCBuildConfiguration section */
		6DBF571321EB2B8D001B2212 /* Debug */ = {
			isa = XCBuildConfiguration;
			buildSettings = {
				ALWAYS_SEARCH_USER_PATHS = NO;
				CLANG_ANALYZER_NONNULL = YES;
				CLANG_ANALYZER_NUMBER_OBJECT_CONVERSION = YES_AGGRESSIVE;
				CLANG_CXX_LANGUAGE_STANDARD = "gnu++14";
				CLANG_CXX_LIBRARY = "libc++";
				CLANG_ENABLE_MODULES = YES;
				CLANG_ENABLE_OBJC_ARC = YES;
				CLANG_ENABLE_OBJC_WEAK = YES;
				CLANG_WARN_BLOCK_CAPTURE_AUTORELEASING = YES;
				CLANG_WARN_BOOL_CONVERSION = YES;
				CLANG_WARN_COMMA = YES;
				CLANG_WARN_CONSTANT_CONVERSION = YES;
				CLANG_WARN_DEPRECATED_OBJC_IMPLEMENTATIONS = YES;
				CLANG_WARN_DIRECT_OBJC_ISA_USAGE = YES_ERROR;
				CLANG_WARN_DOCUMENTATION_COMMENTS = YES;
				CLANG_WARN_EMPTY_BODY = YES;
				CLANG_WARN_ENUM_CONVERSION = YES;
				CLANG_WARN_INFINITE_RECURSION = YES;
				CLANG_WARN_INT_CONVERSION = YES;
				CLANG_WARN_NON_LITERAL_NULL_CONVERSION = YES;
				CLANG_WARN_OBJC_IMPLICIT_RETAIN_SELF = YES;
				CLANG_WARN_OBJC_LITERAL_CONVERSION = YES;
				CLANG_WARN_OBJC_ROOT_CLASS = YES_ERROR;
				CLANG_WARN_RANGE_LOOP_ANALYSIS = YES;
				CLANG_WARN_STRICT_PROTOTYPES = YES;
				CLANG_WARN_SUSPICIOUS_MOVE = YES;
				CLANG_WARN_UNGUARDED_AVAILABILITY = YES_AGGRESSIVE;
				CLANG_WARN_UNREACHABLE_CODE = YES;
				CLANG_WARN__DUPLICATE_METHOD_MATCH = YES;
				CODE_SIGN_IDENTITY = "iPhone Developer";
				COPY_PHASE_STRIP = NO;
				DEBUG_INFORMATION_FORMAT = dwarf;
				ENABLE_STRICT_OBJC_MSGSEND = YES;
				ENABLE_TESTABILITY = YES;
				GCC_C_LANGUAGE_STANDARD = gnu11;
				GCC_DYNAMIC_NO_PIC = NO;
				GCC_NO_COMMON_BLOCKS = YES;
				GCC_OPTIMIZATION_LEVEL = 0;
				GCC_PREPROCESSOR_DEFINITIONS = (
					"DEBUG=1",
					"$(inherited)",
				);
				GCC_WARN_64_TO_32_BIT_CONVERSION = YES;
				GCC_WARN_ABOUT_RETURN_TYPE = YES_ERROR;
				GCC_WARN_UNDECLARED_SELECTOR = YES;
				GCC_WARN_UNINITIALIZED_AUTOS = YES_AGGRESSIVE;
				GCC_WARN_UNUSED_FUNCTION = YES;
				GCC_WARN_UNUSED_VARIABLE = YES;
				IPHONEOS_DEPLOYMENT_TARGET = 11.0;
				MTL_ENABLE_DEBUG_INFO = YES;
				ONLY_ACTIVE_ARCH = YES;
				SDKROOT = iphoneos;
				SWIFT_ACTIVE_COMPILATION_CONDITIONS = DEBUG;
				SWIFT_OPTIMIZATION_LEVEL = "-Onone";
			};
			name = Debug;
		};
		6DBF571421EB2B8D001B2212 /* Release */ = {
			isa = XCBuildConfiguration;
			buildSettings = {
				ALWAYS_SEARCH_USER_PATHS = NO;
				CLANG_ANALYZER_NONNULL = YES;
				CLANG_ANALYZER_NUMBER_OBJECT_CONVERSION = YES_AGGRESSIVE;
				CLANG_CXX_LANGUAGE_STANDARD = "gnu++14";
				CLANG_CXX_LIBRARY = "libc++";
				CLANG_ENABLE_MODULES = YES;
				CLANG_ENABLE_OBJC_ARC = YES;
				CLANG_ENABLE_OBJC_WEAK = YES;
				CLANG_WARN_BLOCK_CAPTURE_AUTORELEASING = YES;
				CLANG_WARN_BOOL_CONVERSION = YES;
				CLANG_WARN_COMMA = YES;
				CLANG_WARN_CONSTANT_CONVERSION = YES;
				CLANG_WARN_DEPRECATED_OBJC_IMPLEMENTATIONS = YES;
				CLANG_WARN_DIRECT_OBJC_ISA_USAGE = YES_ERROR;
				CLANG_WARN_DOCUMENTATION_COMMENTS = YES;
				CLANG_WARN_EMPTY_BODY = YES;
				CLANG_WARN_ENUM_CONVERSION = YES;
				CLANG_WARN_INFINITE_RECURSION = YES;
				CLANG_WARN_INT_CONVERSION = YES;
				CLANG_WARN_NON_LITERAL_NULL_CONVERSION = YES;
				CLANG_WARN_OBJC_IMPLICIT_RETAIN_SELF = YES;
				CLANG_WARN_OBJC_LITERAL_CONVERSION = YES;
				CLANG_WARN_OBJC_ROOT_CLASS = YES_ERROR;
				CLANG_WARN_RANGE_LOOP_ANALYSIS = YES;
				CLANG_WARN_STRICT_PROTOTYPES = YES;
				CLANG_WARN_SUSPICIOUS_MOVE = YES;
				CLANG_WARN_UNGUARDED_AVAILABILITY = YES_AGGRESSIVE;
				CLANG_WARN_UNREACHABLE_CODE = YES;
				CLANG_WARN__DUPLICATE_METHOD_MATCH = YES;
				CODE_SIGN_IDENTITY = "iPhone Developer";
				COPY_PHASE_STRIP = NO;
				DEBUG_INFORMATION_FORMAT = "dwarf-with-dsym";
				ENABLE_NS_ASSERTIONS = NO;
				ENABLE_STRICT_OBJC_MSGSEND = YES;
				GCC_C_LANGUAGE_STANDARD = gnu11;
				GCC_NO_COMMON_BLOCKS = YES;
				GCC_WARN_64_TO_32_BIT_CONVERSION = YES;
				GCC_WARN_ABOUT_RETURN_TYPE = YES_ERROR;
				GCC_WARN_UNDECLARED_SELECTOR = YES;
				GCC_WARN_UNINITIALIZED_AUTOS = YES_AGGRESSIVE;
				GCC_WARN_UNUSED_FUNCTION = YES;
				GCC_WARN_UNUSED_VARIABLE = YES;
				IPHONEOS_DEPLOYMENT_TARGET = 11.0;
				MTL_ENABLE_DEBUG_INFO = NO;
				SDKROOT = iphoneos;
				SWIFT_COMPILATION_MODE = wholemodule;
				SWIFT_OPTIMIZATION_LEVEL = "-O";
				VALIDATE_PRODUCT = YES;
			};
			name = Release;
		};
		6DBF571621EB2B8D001B2212 /* Debug */ = {
			isa = XCBuildConfiguration;
			buildSettings = {
				ASSETCATALOG_COMPILER_APPICON_NAME = AppIcon;
				CODE_SIGN_STYLE = Automatic;
				DEVELOPMENT_TEAM = "";
				INFOPLIST_FILE = ATCountingView/Info.plist;
				LD_RUNPATH_SEARCH_PATHS = (
					"$(inherited)",
					"@executable_path/Frameworks",
				);
				PRODUCT_BUNDLE_IDENTIFIER = com.ApesTalk.ATCountingView;
				PRODUCT_NAME = "$(TARGET_NAME)";
				SWIFT_VERSION = 4.0;
				TARGETED_DEVICE_FAMILY = "1,2";
			};
			name = Debug;
		};
		6DBF571721EB2B8D001B2212 /* Release */ = {
			isa = XCBuildConfiguration;
			buildSettings = {
				ASSETCATALOG_COMPILER_APPICON_NAME = AppIcon;
				CODE_SIGN_STYLE = Automatic;
				DEVELOPMENT_TEAM = "";
				INFOPLIST_FILE = ATCountingView/Info.plist;
				LD_RUNPATH_SEARCH_PATHS = (
					"$(inherited)",
					"@executable_path/Frameworks",
				);
				PRODUCT_BUNDLE_IDENTIFIER = com.ApesTalk.ATCountingView;
				PRODUCT_NAME = "$(TARGET_NAME)";
				SWIFT_VERSION = 4.0;
				TARGETED_DEVICE_FAMILY = "1,2";
			};
			name = Release;
		};
		6DBF571921EB2B8D001B2212 /* Debug */ = {
			isa = XCBuildConfiguration;
			buildSettings = {
				ALWAYS_EMBED_SWIFT_STANDARD_LIBRARIES = YES;
				BUNDLE_LOADER = "$(TEST_HOST)";
				CODE_SIGN_STYLE = Automatic;
				DEVELOPMENT_TEAM = HAPRV8KUFU;
				INFOPLIST_FILE = ATCountingViewTests/Info.plist;
				LD_RUNPATH_SEARCH_PATHS = (
					"$(inherited)",
					"@executable_path/Frameworks",
					"@loader_path/Frameworks",
				);
				PRODUCT_BUNDLE_IDENTIFIER = com.apestalk.ATCountingViewTests;
				PRODUCT_NAME = "$(TARGET_NAME)";
				SWIFT_VERSION = 4.0;
				TARGETED_DEVICE_FAMILY = "1,2";
				TEST_HOST = "$(BUILT_PRODUCTS_DIR)/ATCountingView.app/ATCountingView";
			};
			name = Debug;
		};
		6DBF571A21EB2B8D001B2212 /* Release */ = {
			isa = XCBuildConfiguration;
			buildSettings = {
				ALWAYS_EMBED_SWIFT_STANDARD_LIBRARIES = YES;
				BUNDLE_LOADER = "$(TEST_HOST)";
				CODE_SIGN_STYLE = Automatic;
				DEVELOPMENT_TEAM = HAPRV8KUFU;
				INFOPLIST_FILE = ATCountingViewTests/Info.plist;
				LD_RUNPATH_SEARCH_PATHS = (
					"$(inherited)",
					"@executable_path/Frameworks",
					"@loader_path/Frameworks",
				);
				PRODUCT_BUNDLE_IDENTIFIER = com.apestalk.ATCountingViewTests;
				PRODUCT_NAME = "$(TARGET_NAME)";
				SWIFT_VERSION = 4.0;
				TARGETED_DEVICE_FAMILY = "1,2";
				TEST_HOST = "$(BUILT_PRODUCTS_DIR)/ATCountingView.app/ATCountingView";
			};
			name = Release;
		};
		6DBF571C21EB2B8D001B2212 /* Debug */ = {
			isa = XCBuildConfiguration;
			buildSettings = {
				ALWAYS_EMBED_SWIFT_STANDARD_LIBRARIES = YES;
				CODE_SIGN_STYLE = Automatic;
				DEVELOPMENT_TEAM = HAPRV8KUFU;
				INFOPLIST_FILE = ATCountingViewUITests/Info.plist;
				LD_RUNPATH_SEARCH_PATHS = (
					"$(inherited)",
					"@executable_path/Frameworks",
					"@loader_path/Frameworks",
				);
				PRODUCT_BUNDLE_IDENTIFIER = com.apestalk.ATCountingViewUITests;
				PRODUCT_NAME = "$(TARGET_NAME)";
				SWIFT_VERSION = 4.0;
				TARGETED_DEVICE_FAMILY = "1,2";
				TEST_TARGET_NAME = ATCountingView;
			};
			name = Debug;
		};
		6DBF571D21EB2B8D001B2212 /* Release */ = {
			isa = XCBuildConfiguration;
			buildSettings = {
				ALWAYS_EMBED_SWIFT_STANDARD_LIBRARIES = YES;
				CODE_SIGN_STYLE = Automatic;
				DEVELOPMENT_TEAM = HAPRV8KUFU;
				INFOPLIST_FILE = ATCountingViewUITests/Info.plist;
				LD_RUNPATH_SEARCH_PATHS = (
					"$(inherited)",
					"@executable_path/Frameworks",
					"@loader_path/Frameworks",
				);
				PRODUCT_BUNDLE_IDENTIFIER = com.apestalk.ATCountingViewUITests;
				PRODUCT_NAME = "$(TARGET_NAME)";
				SWIFT_VERSION = 4.0;
				TARGETED_DEVICE_FAMILY = "1,2";
				TEST_TARGET_NAME = ATCountingView;
			};
			name = Release;
		};
/* End XCBuildConfiguration section */

/* Begin XCConfigurationList section */
		6DBF56E821EB2B8C001B2212 /* Build configuration list for PBXProject "ATCountingView" */ = {
			isa = XCConfigurationList;
			buildConfigurations = (
				6DBF571321EB2B8D001B2212 /* Debug */,
				6DBF571421EB2B8D001B2212 /* Release */,
			);
			defaultConfigurationIsVisible = 0;
			defaultConfigurationName = Release;
		};
		6DBF571521EB2B8D001B2212 /* Build configuration list for PBXNativeTarget "ATCountingView" */ = {
			isa = XCConfigurationList;
			buildConfigurations = (
				6DBF571621EB2B8D001B2212 /* Debug */,
				6DBF571721EB2B8D001B2212 /* Release */,
			);
			defaultConfigurationIsVisible = 0;
			defaultConfigurationName = Release;
		};
		6DBF571821EB2B8D001B2212 /* Build configuration list for PBXNativeTarget "ATCountingViewTests" */ = {
			isa = XCConfigurationList;
			buildConfigurations = (
				6DBF571921EB2B8D001B2212 /* Debug */,
				6DBF571A21EB2B8D001B2212 /* Release */,
			);
			defaultConfigurationIsVisible = 0;
			defaultConfigurationName = Release;
		};
		6DBF571B21EB2B8D001B2212 /* Build configuration list for PBXNativeTarget "ATCountingViewUITests" */ = {
			isa = XCConfigurationList;
			buildConfigurations = (
				6DBF571C21EB2B8D001B2212 /* Debug */,
				6DBF571D21EB2B8D001B2212 /* Release */,
			);
			defaultConfigurationIsVisible = 0;
			defaultConfigurationName = Release;
		};
/* End XCConfigurationList section */
	};
	rootObject = 6DBF56E521EB2B8C001B2212 /* Project object */;
}
